
Microsoft Visual Studio Solution File, Format Version 12.00
# Visual Studio Version 17
VisualStudioVersion = 17.2.32630.192
MinimumVisualStudioVersion = 10.0.40219.1
Project("{8BC9CEB8-8B4A-11D0-8D11-00A0C91BC942}") = "Assignment 3", "Assignment 3\Assignment 3.vcxproj", "{9A831E7E-437A-4675-B38B-CC808502A933}"
EndProject
Global
	GlobalSection(SolutionConfigurationPlatforms) = preSolution
		Debug|x64 = Debug|x64
		Debug|x86 = Debug|x86
		Release|x64 = Release|x64
		Release|x86 = Release|x86
	EndGlobalSection
	GlobalSection(ProjectConfigurationPlatforms) = postSolution
		{9A831E7E-437A-4675-B38B-CC808502A933}.Debug|x64.ActiveCfg = Debug|x64
		{9A831E7E-437A-4675-B38B-CC808502A933}.Debug|x64.Build.0 = Debug|x64
		{9A831E7E-437A-4675-B38B-CC808502A933}.Debug|x86.ActiveCfg = Debug|Win32
		{9A831E7E-437A-4675-B38B-CC808502A933}.Debug|x86.Build.0 = Debug|Win32
		{9A831E7E-437A-4675-B38B-CC808502A933}.Release|x64.ActiveCfg = Release|x64
		{9A831E7E-437A-4675-B38B-CC808502A933}.Release|x64.Build.0 = Release|x64
		{9A831E7E-437A-4675-B38B-CC808502A933}.Release|x86.ActiveCfg = Release|Win32
		{9A831E7E-437A-4675-B38B-CC808502A933}.Release|x86.Build.0 = Release|Win32
	EndGlobalSection
	GlobalSection(SolutionProperties) = preSolution
		HideSolutionNode = FALSE
	EndGlobalSection
	GlobalSection(ExtensibilityGlobals) = postSolution
		SolutionGuid = {E7AC2060-8227-4127-A011-A430783E1267}
	EndGlobalSection
EndGlobal
